schema: '2.0'
stages:
  data_ingestion:
    cmd: python src/cnnClassifier/pipeline/stage_01_data_ingestion.py
    deps:
    - path: config/config.yaml
      hash: md5
      md5: 7a711a74ab819c74e4454aa7879223bb
      size: 584
    - path: src/cnnClassifier/pipeline/stage_01_data_ingestion.py
      hash: md5
      md5: a0d639af98d17b2366ad04771a0279f0
      size: 931
    outs:
    - path: artifacts/data_ingestion/cancer-data
      hash: md5
      md5: 6704714f18f940be40823063b2210325.dir
      size: 77976759
      nfiles: 675
  prepare_base_model:
    cmd: python src/cnnClassifier/pipeline/stage_02_prepare_base_model.py
    deps:
    - path: config/config.yaml
      hash: md5
      md5: 7a711a74ab819c74e4454aa7879223bb
      size: 584
    - path: src/cnnClassifier/pipeline/stage_02_prepare_base_model.py
      hash: md5
      md5: 6e69f73b7dfe470ec63194bc5903908b
      size: 1011
    params:
      params.yaml:
        CLASSES: 4
        IMAGE_SIZE:
        - 224
        - 224
        - 3
        INCLUDE_TOP: false
        LEARNING_RATE: 0.01
        WEIGHTS: imagenet
    outs:
    - path: artifacts/prepare_base_model
      hash: md5
      md5: 25e6c74da4a68b91013bc5271d5a3722.dir
      size: 118255264
      nfiles: 2
  training:
    cmd: python src/cnnClassifier/pipeline/stage_03_training.py
    deps:
    - path: artifacts/data_ingestion/cancer-data
      hash: md5
      md5: 6704714f18f940be40823063b2210325.dir
      size: 77976759
      nfiles: 675
    - path: artifacts/prepare_base_model
      hash: md5
      md5: 25e6c74da4a68b91013bc5271d5a3722.dir
      size: 118255264
      nfiles: 2
    - path: config/config.yaml
      hash: md5
      md5: 7a711a74ab819c74e4454aa7879223bb
      size: 584
    - path: src/cnnClassifier/pipeline/stage_03_training.py
      hash: md5
      md5: 59e888aaabe8d6fcfd6d367bc693e17b
      size: 914
    params:
      params.yaml:
        AUGMENTATION: true
        BATCH_SIZE: 32
        EPOCHS: 5
        IMAGE_SIZE:
        - 224
        - 224
        - 3
    outs:
    - path: artifacts/training/model.h5
      hash: md5
      md5: 43c3ec581522acf7664a1f99b6c8e5d3
      size: 59738928
  evaluation:
    cmd: python src/cnnClassifier/pipeline/stage_04_evaluation.py
    deps:
    - path: artifacts/data_ingestion/cancer-data
      hash: md5
      md5: 6704714f18f940be40823063b2210325.dir
      size: 77976759
      nfiles: 675
    - path: artifacts/training/model.h5
      hash: md5
      md5: 43c3ec581522acf7664a1f99b6c8e5d3
      size: 59738928
    - path: config/config.yaml
      hash: md5
      md5: 7a711a74ab819c74e4454aa7879223bb
      size: 584
    - path: src/cnnClassifier/pipeline/stage_04_evaluation.py
      hash: md5
      md5: 7bb57075406419d38073d1a2e35355c8
      size: 949
    params:
      params.yaml:
        BATCH_SIZE: 32
        IMAGE_SIZE:
        - 224
        - 224
        - 3
    outs:
    - path: scores.json
      hash: md5
      md5: ffe1f616ddf4f135491a86eb830ee76d
      size: 71
